
Microsoft Visual Studio Solution File, Format Version 12.00
# Visual Studio 15
VisualStudioVersion = 15.0.26124.0
MinimumVisualStudioVersion = 15.0.26124.0
Project("{FAE04EC0-301F-11D3-BF4B-00C04F79EFBC}") = "AnimalRescue.Core", "src\AnimalRescue.Core\AnimalRescue.Core.csproj", "{C409CA67-7E71-49A6-BA54-394539BFE06C}"
EndProject
Project("{2150E333-8FDC-42A3-9474-1A3956D46DE8}") = "src", "src", "{92BF4C56-FD34-45C2-9F6B-CEDEBEE8A2C0}"
EndProject
Project("{FAE04EC0-301F-11D3-BF4B-00C04F79EFBC}") = "AnimalRescue.Intake", "src\AnimalRescue.Intake\AnimalRescue.Intake.csproj", "{902B4ECD-5F8A-496C-AE90-3B90A722C762}"
EndProject
Project("{FAE04EC0-301F-11D3-BF4B-00C04F79EFBC}") = "AnimalRescue.Party", "src\AnimalRescue.Party\AnimalRescue.Party.csproj", "{AFE9BBD3-6F01-4E8E-9037-3CE47CC6A3B9}"
EndProject
Project("{2150E333-8FDC-42A3-9474-1A3956D46DE8}") = "test", "test", "{DD8223AE-9B37-4730-9DFB-20E460EF0E58}"
EndProject
Project("{FAE04EC0-301F-11D3-BF4B-00C04F79EFBC}") = "AnimalRescue.Party.Tests", "test\AnimalRescue.Party.Tests\AnimalRescue.Party.Tests.csproj", "{EC150815-DAC3-4A7B-8114-D36FAC2D0629}"
EndProject
Project("{FAE04EC0-301F-11D3-BF4B-00C04F79EFBC}") = "AnimalRescue.Intake.Tests", "test\AnimalRescue.Intake.Tests\AnimalRescue.Intake.Tests.csproj", "{407A6013-9C65-495C-B787-2C7BDF2E9773}"
EndProject
Project("{FAE04EC0-301F-11D3-BF4B-00C04F79EFBC}") = "AnimalRescue.Core.Tests", "test\AnimalRescue.Core.Tests\AnimalRescue.Core.Tests.csproj", "{F2909F66-FFE6-4268-920F-A25AE2EF1ACD}"
EndProject
Global
	GlobalSection(SolutionConfigurationPlatforms) = preSolution
		Debug|Any CPU = Debug|Any CPU
		Debug|x64 = Debug|x64
		Debug|x86 = Debug|x86
		Release|Any CPU = Release|Any CPU
		Release|x64 = Release|x64
		Release|x86 = Release|x86
	EndGlobalSection
	GlobalSection(SolutionProperties) = preSolution
		HideSolutionNode = FALSE
	EndGlobalSection
	GlobalSection(ProjectConfigurationPlatforms) = postSolution
		{C409CA67-7E71-49A6-BA54-394539BFE06C}.Debug|Any CPU.ActiveCfg = Debug|Any CPU
		{C409CA67-7E71-49A6-BA54-394539BFE06C}.Debug|Any CPU.Build.0 = Debug|Any CPU
		{C409CA67-7E71-49A6-BA54-394539BFE06C}.Debug|x64.ActiveCfg = Debug|Any CPU
		{C409CA67-7E71-49A6-BA54-394539BFE06C}.Debug|x64.Build.0 = Debug|Any CPU
		{C409CA67-7E71-49A6-BA54-394539BFE06C}.Debug|x86.ActiveCfg = Debug|Any CPU
		{C409CA67-7E71-49A6-BA54-394539BFE06C}.Debug|x86.Build.0 = Debug|Any CPU
		{C409CA67-7E71-49A6-BA54-394539BFE06C}.Release|Any CPU.ActiveCfg = Release|Any CPU
		{C409CA67-7E71-49A6-BA54-394539BFE06C}.Release|Any CPU.Build.0 = Release|Any CPU
		{C409CA67-7E71-49A6-BA54-394539BFE06C}.Release|x64.ActiveCfg = Release|Any CPU
		{C409CA67-7E71-49A6-BA54-394539BFE06C}.Release|x64.Build.0 = Release|Any CPU
		{C409CA67-7E71-49A6-BA54-394539BFE06C}.Release|x86.ActiveCfg = Release|Any CPU
		{C409CA67-7E71-49A6-BA54-394539BFE06C}.Release|x86.Build.0 = Release|Any CPU
		{902B4ECD-5F8A-496C-AE90-3B90A722C762}.Debug|Any CPU.ActiveCfg = Debug|Any CPU
		{902B4ECD-5F8A-496C-AE90-3B90A722C762}.Debug|Any CPU.Build.0 = Debug|Any CPU
		{902B4ECD-5F8A-496C-AE90-3B90A722C762}.Debug|x64.ActiveCfg = Debug|Any CPU
		{902B4ECD-5F8A-496C-AE90-3B90A722C762}.Debug|x64.Build.0 = Debug|Any CPU
		{902B4ECD-5F8A-496C-AE90-3B90A722C762}.Debug|x86.ActiveCfg = Debug|Any CPU
		{902B4ECD-5F8A-496C-AE90-3B90A722C762}.Debug|x86.Build.0 = Debug|Any CPU
		{902B4ECD-5F8A-496C-AE90-3B90A722C762}.Release|Any CPU.ActiveCfg = Release|Any CPU
		{902B4ECD-5F8A-496C-AE90-3B90A722C762}.Release|Any CPU.Build.0 = Release|Any CPU
		{902B4ECD-5F8A-496C-AE90-3B90A722C762}.Release|x64.ActiveCfg = Release|Any CPU
		{902B4ECD-5F8A-496C-AE90-3B90A722C762}.Release|x64.Build.0 = Release|Any CPU
		{902B4ECD-5F8A-496C-AE90-3B90A722C762}.Release|x86.ActiveCfg = Release|Any CPU
		{902B4ECD-5F8A-496C-AE90-3B90A722C762}.Release|x86.Build.0 = Release|Any CPU
		{AFE9BBD3-6F01-4E8E-9037-3CE47CC6A3B9}.Debug|Any CPU.ActiveCfg = Debug|Any CPU
		{AFE9BBD3-6F01-4E8E-9037-3CE47CC6A3B9}.Debug|Any CPU.Build.0 = Debug|Any CPU
		{AFE9BBD3-6F01-4E8E-9037-3CE47CC6A3B9}.Debug|x64.ActiveCfg = Debug|Any CPU
		{AFE9BBD3-6F01-4E8E-9037-3CE47CC6A3B9}.Debug|x64.Build.0 = Debug|Any CPU
		{AFE9BBD3-6F01-4E8E-9037-3CE47CC6A3B9}.Debug|x86.ActiveCfg = Debug|Any CPU
		{AFE9BBD3-6F01-4E8E-9037-3CE47CC6A3B9}.Debug|x86.Build.0 = Debug|Any CPU
		{AFE9BBD3-6F01-4E8E-9037-3CE47CC6A3B9}.Release|Any CPU.ActiveCfg = Release|Any CPU
		{AFE9BBD3-6F01-4E8E-9037-3CE47CC6A3B9}.Release|Any CPU.Build.0 = Release|Any CPU
		{AFE9BBD3-6F01-4E8E-9037-3CE47CC6A3B9}.Release|x64.ActiveCfg = Release|Any CPU
		{AFE9BBD3-6F01-4E8E-9037-3CE47CC6A3B9}.Release|x64.Build.0 = Release|Any CPU
		{AFE9BBD3-6F01-4E8E-9037-3CE47CC6A3B9}.Release|x86.ActiveCfg = Release|Any CPU
		{AFE9BBD3-6F01-4E8E-9037-3CE47CC6A3B9}.Release|x86.Build.0 = Release|Any CPU
		{EC150815-DAC3-4A7B-8114-D36FAC2D0629}.Debug|Any CPU.ActiveCfg = Debug|Any CPU
		{EC150815-DAC3-4A7B-8114-D36FAC2D0629}.Debug|Any CPU.Build.0 = Debug|Any CPU
		{EC150815-DAC3-4A7B-8114-D36FAC2D0629}.Debug|x64.ActiveCfg = Debug|Any CPU
		{EC150815-DAC3-4A7B-8114-D36FAC2D0629}.Debug|x64.Build.0 = Debug|Any CPU
		{EC150815-DAC3-4A7B-8114-D36FAC2D0629}.Debug|x86.ActiveCfg = Debug|Any CPU
		{EC150815-DAC3-4A7B-8114-D36FAC2D0629}.Debug|x86.Build.0 = Debug|Any CPU
		{EC150815-DAC3-4A7B-8114-D36FAC2D0629}.Release|Any CPU.ActiveCfg = Release|Any CPU
		{EC150815-DAC3-4A7B-8114-D36FAC2D0629}.Release|Any CPU.Build.0 = Release|Any CPU
		{EC150815-DAC3-4A7B-8114-D36FAC2D0629}.Release|x64.ActiveCfg = Release|Any CPU
		{EC150815-DAC3-4A7B-8114-D36FAC2D0629}.Release|x64.Build.0 = Release|Any CPU
		{EC150815-DAC3-4A7B-8114-D36FAC2D0629}.Release|x86.ActiveCfg = Release|Any CPU
		{EC150815-DAC3-4A7B-8114-D36FAC2D0629}.Release|x86.Build.0 = Release|Any CPU
		{407A6013-9C65-495C-B787-2C7BDF2E9773}.Debug|Any CPU.ActiveCfg = Debug|Any CPU
		{407A6013-9C65-495C-B787-2C7BDF2E9773}.Debug|Any CPU.Build.0 = Debug|Any CPU
		{407A6013-9C65-495C-B787-2C7BDF2E9773}.Debug|x64.ActiveCfg = Debug|Any CPU
		{407A6013-9C65-495C-B787-2C7BDF2E9773}.Debug|x64.Build.0 = Debug|Any CPU
		{407A6013-9C65-495C-B787-2C7BDF2E9773}.Debug|x86.ActiveCfg = Debug|Any CPU
		{407A6013-9C65-495C-B787-2C7BDF2E9773}.Debug|x86.Build.0 = Debug|Any CPU
		{407A6013-9C65-495C-B787-2C7BDF2E9773}.Release|Any CPU.ActiveCfg = Release|Any CPU
		{407A6013-9C65-495C-B787-2C7BDF2E9773}.Release|Any CPU.Build.0 = Release|Any CPU
		{407A6013-9C65-495C-B787-2C7BDF2E9773}.Release|x64.ActiveCfg = Release|Any CPU
		{407A6013-9C65-495C-B787-2C7BDF2E9773}.Release|x64.Build.0 = Release|Any CPU
		{407A6013-9C65-495C-B787-2C7BDF2E9773}.Release|x86.ActiveCfg = Release|Any CPU
		{407A6013-9C65-495C-B787-2C7BDF2E9773}.Release|x86.Build.0 = Release|Any CPU
		{F2909F66-FFE6-4268-920F-A25AE2EF1ACD}.Debug|Any CPU.ActiveCfg = Debug|Any CPU
		{F2909F66-FFE6-4268-920F-A25AE2EF1ACD}.Debug|Any CPU.Build.0 = Debug|Any CPU
		{F2909F66-FFE6-4268-920F-A25AE2EF1ACD}.Debug|x64.ActiveCfg = Debug|Any CPU
		{F2909F66-FFE6-4268-920F-A25AE2EF1ACD}.Debug|x64.Build.0 = Debug|Any CPU
		{F2909F66-FFE6-4268-920F-A25AE2EF1ACD}.Debug|x86.ActiveCfg = Debug|Any CPU
		{F2909F66-FFE6-4268-920F-A25AE2EF1ACD}.Debug|x86.Build.0 = Debug|Any CPU
		{F2909F66-FFE6-4268-920F-A25AE2EF1ACD}.Release|Any CPU.ActiveCfg = Release|Any CPU
		{F2909F66-FFE6-4268-920F-A25AE2EF1ACD}.Release|Any CPU.Build.0 = Release|Any CPU
		{F2909F66-FFE6-4268-920F-A25AE2EF1ACD}.Release|x64.ActiveCfg = Release|Any CPU
		{F2909F66-FFE6-4268-920F-A25AE2EF1ACD}.Release|x64.Build.0 = Release|Any CPU
		{F2909F66-FFE6-4268-920F-A25AE2EF1ACD}.Release|x86.ActiveCfg = Release|Any CPU
		{F2909F66-FFE6-4268-920F-A25AE2EF1ACD}.Release|x86.Build.0 = Release|Any CPU
	EndGlobalSection
	GlobalSection(NestedProjects) = preSolution
		{C409CA67-7E71-49A6-BA54-394539BFE06C} = {92BF4C56-FD34-45C2-9F6B-CEDEBEE8A2C0}
		{902B4ECD-5F8A-496C-AE90-3B90A722C762} = {92BF4C56-FD34-45C2-9F6B-CEDEBEE8A2C0}
		{AFE9BBD3-6F01-4E8E-9037-3CE47CC6A3B9} = {92BF4C56-FD34-45C2-9F6B-CEDEBEE8A2C0}
		{407A6013-9C65-495C-B787-2C7BDF2E9773} = {DD8223AE-9B37-4730-9DFB-20E460EF0E58}
		{EC150815-DAC3-4A7B-8114-D36FAC2D0629} = {DD8223AE-9B37-4730-9DFB-20E460EF0E58}
		{F2909F66-FFE6-4268-920F-A25AE2EF1ACD} = {DD8223AE-9B37-4730-9DFB-20E460EF0E58}
	EndGlobalSection
EndGlobal
